
Microsoft Visual Studio Solution File, Format Version 12.00
Project("{2150E333-8FDC-42A3-9474-1A3956D46DE8}") = "CoPainter", "CoPainter", "{F635DB7E-8511-4D62-8DCB-73B349762BE4}"
EndProject
Project("{2150E333-8FDC-42A3-9474-1A3956D46DE8}") = "FileRetranslation", "FileRetranslation", "{8CEA60B7-942E-4C66-B481-84C6D6273FEF}"
EndProject
Project("{FAE04EC0-301F-11D3-BF4B-00C04F79EFBC}") = "CoPainter.Client", "CoPainter\CoPainter.Client\CoPainter.Client.csproj", "{FD1D8E87-D947-4750-A1A7-806365155240}"
EndProject
Project("{FAE04EC0-301F-11D3-BF4B-00C04F79EFBC}") = "CoPainter.Server", "CoPainter\CoPainter.Server\CoPainter.Server.csproj", "{D4A0BD9F-3E3D-42FF-B4B0-2E94D8081600}"
EndProject
Project("{FAE04EC0-301F-11D3-BF4B-00C04F79EFBC}") = "RetranslationServer", "FileRetranslation\RetranslationServer\RetranslationServer.csproj", "{BD473BE1-ABBF-4911-A425-2190E9465C83}"
EndProject
Project("{FAE04EC0-301F-11D3-BF4B-00C04F79EFBC}") = "RetranslationReceiver", "FileRetranslation\RetranslationReceiver\RetranslationReceiver.csproj", "{A607317C-29D7-4017-9AA1-7B71DB132FF8}"
EndProject
Project("{FAE04EC0-301F-11D3-BF4B-00C04F79EFBC}") = "FileSourceClient", "FileRetranslation\FileSourceClient\FileSourceClient.csproj", "{46CC054D-10E0-4F21-AACD-4F5440FAE310}"
EndProject
Project("{2150E333-8FDC-42A3-9474-1A3956D46DE8}") = "Tests", "Tests", "{C2C24BA3-9291-45AF-88C5-9BA72F8870F1}"
EndProject
Project("{2150E333-8FDC-42A3-9474-1A3956D46DE8}") = "Submodules", "Submodules", "{0D66DA57-851F-454D-8AB4-B205AC4C9987}"
EndProject
Project("{FAE04EC0-301F-11D3-BF4B-00C04F79EFBC}") = "DataStreaming.Shared", "DataStreaming.Shared\src\DataStreaming.Shared\DataStreaming.Shared.csproj", "{A98041DB-E342-4293-88E3-DF2560FC0EC1}"
EndProject
Global
	GlobalSection(SolutionConfigurationPlatforms) = preSolution
		Debug|Any CPU = Debug|Any CPU
		Release|Any CPU = Release|Any CPU
	EndGlobalSection
	GlobalSection(NestedProjects) = preSolution
		{FD1D8E87-D947-4750-A1A7-806365155240} = {F635DB7E-8511-4D62-8DCB-73B349762BE4}
		{D4A0BD9F-3E3D-42FF-B4B0-2E94D8081600} = {F635DB7E-8511-4D62-8DCB-73B349762BE4}
		{BD473BE1-ABBF-4911-A425-2190E9465C83} = {8CEA60B7-942E-4C66-B481-84C6D6273FEF}
		{A607317C-29D7-4017-9AA1-7B71DB132FF8} = {8CEA60B7-942E-4C66-B481-84C6D6273FEF}
		{46CC054D-10E0-4F21-AACD-4F5440FAE310} = {8CEA60B7-942E-4C66-B481-84C6D6273FEF}
		{A98041DB-E342-4293-88E3-DF2560FC0EC1} = {0D66DA57-851F-454D-8AB4-B205AC4C9987}
	EndGlobalSection
	GlobalSection(ProjectConfigurationPlatforms) = postSolution
		{FD1D8E87-D947-4750-A1A7-806365155240}.Debug|Any CPU.ActiveCfg = Debug|Any CPU
		{FD1D8E87-D947-4750-A1A7-806365155240}.Debug|Any CPU.Build.0 = Debug|Any CPU
		{FD1D8E87-D947-4750-A1A7-806365155240}.Release|Any CPU.ActiveCfg = Release|Any CPU
		{FD1D8E87-D947-4750-A1A7-806365155240}.Release|Any CPU.Build.0 = Release|Any CPU
		{D4A0BD9F-3E3D-42FF-B4B0-2E94D8081600}.Debug|Any CPU.ActiveCfg = Debug|Any CPU
		{D4A0BD9F-3E3D-42FF-B4B0-2E94D8081600}.Debug|Any CPU.Build.0 = Debug|Any CPU
		{D4A0BD9F-3E3D-42FF-B4B0-2E94D8081600}.Release|Any CPU.ActiveCfg = Release|Any CPU
		{D4A0BD9F-3E3D-42FF-B4B0-2E94D8081600}.Release|Any CPU.Build.0 = Release|Any CPU
		{BD473BE1-ABBF-4911-A425-2190E9465C83}.Debug|Any CPU.ActiveCfg = Debug|Any CPU
		{BD473BE1-ABBF-4911-A425-2190E9465C83}.Debug|Any CPU.Build.0 = Debug|Any CPU
		{BD473BE1-ABBF-4911-A425-2190E9465C83}.Release|Any CPU.ActiveCfg = Release|Any CPU
		{BD473BE1-ABBF-4911-A425-2190E9465C83}.Release|Any CPU.Build.0 = Release|Any CPU
		{A607317C-29D7-4017-9AA1-7B71DB132FF8}.Debug|Any CPU.ActiveCfg = Debug|Any CPU
		{A607317C-29D7-4017-9AA1-7B71DB132FF8}.Debug|Any CPU.Build.0 = Debug|Any CPU
		{A607317C-29D7-4017-9AA1-7B71DB132FF8}.Release|Any CPU.ActiveCfg = Release|Any CPU
		{A607317C-29D7-4017-9AA1-7B71DB132FF8}.Release|Any CPU.Build.0 = Release|Any CPU
		{46CC054D-10E0-4F21-AACD-4F5440FAE310}.Debug|Any CPU.ActiveCfg = Debug|Any CPU
		{46CC054D-10E0-4F21-AACD-4F5440FAE310}.Debug|Any CPU.Build.0 = Debug|Any CPU
		{46CC054D-10E0-4F21-AACD-4F5440FAE310}.Release|Any CPU.ActiveCfg = Release|Any CPU
		{46CC054D-10E0-4F21-AACD-4F5440FAE310}.Release|Any CPU.Build.0 = Release|Any CPU
		{A98041DB-E342-4293-88E3-DF2560FC0EC1}.Debug|Any CPU.ActiveCfg = Debug|Any CPU
		{A98041DB-E342-4293-88E3-DF2560FC0EC1}.Debug|Any CPU.Build.0 = Debug|Any CPU
		{A98041DB-E342-4293-88E3-DF2560FC0EC1}.Release|Any CPU.ActiveCfg = Release|Any CPU
		{A98041DB-E342-4293-88E3-DF2560FC0EC1}.Release|Any CPU.Build.0 = Release|Any CPU
	EndGlobalSection
EndGlobal
